
Microsoft Visual Studio Solution File, Format Version 12.00
# Visual Studio Version 17
VisualStudioVersion = 17.6.33829.357
MinimumVisualStudioVersion = 10.0.40219.1
Project("{9A19103F-16F7-4668-BE54-9A1E7A4F7556}") = "Variables", "Variables\Variables.csproj", "{912F9FD7-6624-414E-9211-36CF290197A2}"
EndProject
Project("{FAE04EC0-301F-11D3-BF4B-00C04F79EFBC}") = "DataTypes", "data-types\DataTypes.csproj", "{B0923D44-5686-4688-A569-48F65E34CD6A}"
EndProject
Global
	GlobalSection(SolutionConfigurationPlatforms) = preSolution
		Debug|Any CPU = Debug|Any CPU
		Release|Any CPU = Release|Any CPU
	EndGlobalSection
	GlobalSection(ProjectConfigurationPlatforms) = postSolution
		{912F9FD7-6624-414E-9211-36CF290197A2}.Debug|Any CPU.ActiveCfg = Debug|Any CPU
		{912F9FD7-6624-414E-9211-36CF290197A2}.Debug|Any CPU.Build.0 = Debug|Any CPU
		{912F9FD7-6624-414E-9211-36CF290197A2}.Release|Any CPU.ActiveCfg = Release|Any CPU
		{912F9FD7-6624-414E-9211-36CF290197A2}.Release|Any CPU.Build.0 = Release|Any CPU
		{B0923D44-5686-4688-A569-48F65E34CD6A}.Debug|Any CPU.ActiveCfg = Debug|Any CPU
		{B0923D44-5686-4688-A569-48F65E34CD6A}.Debug|Any CPU.Build.0 = Debug|Any CPU
		{B0923D44-5686-4688-A569-48F65E34CD6A}.Release|Any CPU.ActiveCfg = Release|Any CPU
		{B0923D44-5686-4688-A569-48F65E34CD6A}.Release|Any CPU.Build.0 = Release|Any CPU
	EndGlobalSection
	GlobalSection(SolutionProperties) = preSolution
		HideSolutionNode = FALSE
	EndGlobalSection
	GlobalSection(ExtensibilityGlobals) = postSolution
		SolutionGuid = {556367BC-2B93-41B6-88AE-E26D104E9F0B}
	EndGlobalSection
EndGlobal
