
Microsoft Visual Studio Solution File, Format Version 12.00
# Visual Studio Version 17
VisualStudioVersion = 17.6.33829.357
MinimumVisualStudioVersion = 10.0.40219.1
Project("{9A19103F-16F7-4668-BE54-9A1E7A4F7556}") = "Variables", "Variables\Variables.csproj", "{912F9FD7-6624-414E-9211-36CF290197A2}"
EndProject
Project("{9A19103F-16F7-4668-BE54-9A1E7A4F7556}") = "DataTypes", "data-types\DataTypes.csproj", "{B0923D44-5686-4688-A569-48F65E34CD6A}"
EndProject
Project("{9A19103F-16F7-4668-BE54-9A1E7A4F7556}") = "Operators", "Operators\Operators.csproj", "{81FA837B-585B-4BB6-8891-EC1F2741CBA5}"
EndProject
Project("{9A19103F-16F7-4668-BE54-9A1E7A4F7556}") = "Loops", "Loops\Loops.csproj", "{D133C280-C95D-4DAE-A8CE-C588505E3111}"
EndProject
Project("{9A19103F-16F7-4668-BE54-9A1E7A4F7556}") = "ConditionalStatements", "ConditionalStatements\ConditionalStatements.csproj", "{D7AC925F-F470-4684-9D37-97C20E70DC21}"
EndProject
Project("{9A19103F-16F7-4668-BE54-9A1E7A4F7556}") = "Methods", "Methods\Methods.csproj", "{A92D5255-9E93-4D03-AEE3-E38CB1CF9748}"
EndProject
Project("{FAE04EC0-301F-11D3-BF4B-00C04F79EFBC}") = "Enums", "Enums\Enums.csproj", "{23861ECA-44D2-470E-BE10-85CD97FB20C7}"
EndProject
Global
	GlobalSection(SolutionConfigurationPlatforms) = preSolution
		Debug|Any CPU = Debug|Any CPU
		Release|Any CPU = Release|Any CPU
	EndGlobalSection
	GlobalSection(ProjectConfigurationPlatforms) = postSolution
		{912F9FD7-6624-414E-9211-36CF290197A2}.Debug|Any CPU.ActiveCfg = Debug|Any CPU
		{912F9FD7-6624-414E-9211-36CF290197A2}.Debug|Any CPU.Build.0 = Debug|Any CPU
		{912F9FD7-6624-414E-9211-36CF290197A2}.Release|Any CPU.ActiveCfg = Release|Any CPU
		{912F9FD7-6624-414E-9211-36CF290197A2}.Release|Any CPU.Build.0 = Release|Any CPU
		{B0923D44-5686-4688-A569-48F65E34CD6A}.Debug|Any CPU.ActiveCfg = Debug|Any CPU
		{B0923D44-5686-4688-A569-48F65E34CD6A}.Debug|Any CPU.Build.0 = Debug|Any CPU
		{B0923D44-5686-4688-A569-48F65E34CD6A}.Release|Any CPU.ActiveCfg = Release|Any CPU
		{B0923D44-5686-4688-A569-48F65E34CD6A}.Release|Any CPU.Build.0 = Release|Any CPU
		{81FA837B-585B-4BB6-8891-EC1F2741CBA5}.Debug|Any CPU.ActiveCfg = Debug|Any CPU
		{81FA837B-585B-4BB6-8891-EC1F2741CBA5}.Debug|Any CPU.Build.0 = Debug|Any CPU
		{81FA837B-585B-4BB6-8891-EC1F2741CBA5}.Release|Any CPU.ActiveCfg = Release|Any CPU
		{81FA837B-585B-4BB6-8891-EC1F2741CBA5}.Release|Any CPU.Build.0 = Release|Any CPU
		{D133C280-C95D-4DAE-A8CE-C588505E3111}.Debug|Any CPU.ActiveCfg = Debug|Any CPU
		{D133C280-C95D-4DAE-A8CE-C588505E3111}.Debug|Any CPU.Build.0 = Debug|Any CPU
		{D133C280-C95D-4DAE-A8CE-C588505E3111}.Release|Any CPU.ActiveCfg = Release|Any CPU
		{D133C280-C95D-4DAE-A8CE-C588505E3111}.Release|Any CPU.Build.0 = Release|Any CPU
		{D7AC925F-F470-4684-9D37-97C20E70DC21}.Debug|Any CPU.ActiveCfg = Debug|Any CPU
		{D7AC925F-F470-4684-9D37-97C20E70DC21}.Debug|Any CPU.Build.0 = Debug|Any CPU
		{D7AC925F-F470-4684-9D37-97C20E70DC21}.Release|Any CPU.ActiveCfg = Release|Any CPU
		{D7AC925F-F470-4684-9D37-97C20E70DC21}.Release|Any CPU.Build.0 = Release|Any CPU
		{A92D5255-9E93-4D03-AEE3-E38CB1CF9748}.Debug|Any CPU.ActiveCfg = Debug|Any CPU
		{A92D5255-9E93-4D03-AEE3-E38CB1CF9748}.Debug|Any CPU.Build.0 = Debug|Any CPU
		{A92D5255-9E93-4D03-AEE3-E38CB1CF9748}.Release|Any CPU.ActiveCfg = Release|Any CPU
		{A92D5255-9E93-4D03-AEE3-E38CB1CF9748}.Release|Any CPU.Build.0 = Release|Any CPU
		{23861ECA-44D2-470E-BE10-85CD97FB20C7}.Debug|Any CPU.ActiveCfg = Debug|Any CPU
		{23861ECA-44D2-470E-BE10-85CD97FB20C7}.Debug|Any CPU.Build.0 = Debug|Any CPU
		{23861ECA-44D2-470E-BE10-85CD97FB20C7}.Release|Any CPU.ActiveCfg = Release|Any CPU
		{23861ECA-44D2-470E-BE10-85CD97FB20C7}.Release|Any CPU.Build.0 = Release|Any CPU
	EndGlobalSection
	GlobalSection(SolutionProperties) = preSolution
		HideSolutionNode = FALSE
	EndGlobalSection
	GlobalSection(ExtensibilityGlobals) = postSolution
		SolutionGuid = {556367BC-2B93-41B6-88AE-E26D104E9F0B}
	EndGlobalSection
EndGlobal
